{
  "version": "5",
  "redirects": {
    "https://esm.sh/@supabase/supabase-js@2": "https://esm.sh/@supabase/supabase-js@2.111.0",
    "https://esm.sh/iceberg-js@^0.8.1?target=denonext": "https://esm.sh/iceberg-js@0.8.1?target=denonext"
  },
  "remote": {
    "https://esm.sh/@supabase/auth-js@2.111.0/denonext/auth-js.mjs": "eff301554fb5cf7107e03c1f53b1d40b42840ab118173fe154afbbb562870cde",
    "https://esm.sh/@supabase/functions-js@2.111.0/denonext/functions-js.mjs": "636be48dc33a39f8317c4956080074a4eaccb95a15b3f140c92a23a07569ef8b",
    "https://esm.sh/@supabase/phoenix@0.4.5/denonext/phoenix.mjs": "40bd2a70829cd847848baac58e635bacd83fd62188f6624b44e2c295341004eb",
    "https://esm.sh/@supabase/postgrest-js@2.111.0/denonext/postgrest-js.mjs": "10e335cec674ef0d194e607a2a9b7fe8d2e731c90d00f7d6c53ce8139a610167",
    "https://esm.sh/@supabase/realtime-js@2.111.0/denonext/realtime-js.mjs": "fb164dd9edf979c070f0993d78caafc7160dd5080504abe8cf052ec81be4757c",
    "https://esm.sh/@supabase/storage-js@2.111.0/denonext/storage-js.mjs": "18f2d4824592989c9a64de812b5bb5484f1f6ac0b3790b649b8f5bd44639b542",
    "https://esm.sh/@supabase/supabase-js@2.111.0": "276104e20b7318fac2be1c67eb9be93f4280f5ec9f2fc5ac7b32e1f0ed6f31ba",
    "https://esm.sh/@supabase/supabase-js@2.111.0/denonext/supabase-js.mjs": "ec7afac28b628498cab4b2ff745a186efea44d5844bddbfde2dd0c81a3ef0e22",
    "https://esm.sh/iceberg-js@0.8.1/denonext/iceberg-js.mjs": "d839d81a2e3966500ca2cdd0c1cb458e9608bacfc91f7bb67a69b2e878dcdb4f",
    "https://esm.sh/iceberg-js@0.8.1?target=denonext": "58c849d7fe2bf4eca4a84eb501e83c161a7d8c34ca1bec15a962b3bec3062633",
    "https://esm.sh/tslib@2.8.1/denonext/tslib.mjs": "c38da5dd6da6281964435002ce204cd586634fe3bdfb24a0ee116f48cf3292e9"
  },
  "workspace": {
    "dependencies": [
      "jsr:@supabase/functions-js@2",
      "npm:@supabase/server@1"
    ]
  }
}
